{
  "name": "cdk-workshop",
  "version": "0.1.0",
  "lockfileVersion": 1,
  "requires": true,
  "dependencies": {
    "@aws-cdk/assets": {
      "version": "1.17.1",
      "resolved": "https://registry.npmjs.org/@aws-cdk/assets/-/assets-1.17.1.tgz",
      "integrity": "sha512-DsjgwdGvzRxEichF21mUWMjtI3kMSpRJtD/7+nE1JU8m/cBdxfE8EhQ5UgrAewSaE5lT0/w7Ld0U6IY33KclKg==",
      "requires": {
        "@aws-cdk/core": "1.17.1",
        "@aws-cdk/cx-api": "1.17.1",
        "minimatch": "^3.0.4"
      },
      "dependencies": {
        "balanced-match": {
          "version": "1.0.0",
          "bundled": true
        },
        "brace-expansion": {
          "version": "1.1.11",
          "bundled": true,
          "requires": {
            "balanced-match": "^1.0.0",
            "concat-map": "0.0.1"
          }
        },
        "concat-map": {
          "version": "0.0.1",
          "bundled": true
        },
        "minimatch": {
          "version": "3.0.4",
          "bundled": true,
          "requires": {
            "brace-expansion": "^1.1.7"
          }
        }
      }
    },
    "@aws-cdk/aws-apigateway": {
      "version": "1.17.1",
      "resolved": "https://registry.npmjs.org/@aws-cdk/aws-apigateway/-/aws-apigateway-1.17.1.tgz",
      "integrity": "sha512-ZOYw9oK903Lc8ifQkLrpTe+pwBBuo0v4gqAeXtygbQsIb2vGx+Euj6vJTZfT7DZ6veK7q/KWuNb3AFAq3U0h2A==",
      "requires": {
        "@aws-cdk/aws-certificatemanager": "1.17.1",
        "@aws-cdk/aws-elasticloadbalancingv2": "1.17.1",
        "@aws-cdk/aws-iam": "1.17.1",
        "@aws-cdk/aws-lambda": "1.17.1",
        "@aws-cdk/core": "1.17.1"
      }
    },
    "@aws-cdk/aws-applicationautoscaling": {
      "version": "1.17.1",
      "resolved": "https://registry.npmjs.org/@aws-cdk/aws-applicationautoscaling/-/aws-applicationautoscaling-1.17.1.tgz",
      "integrity": "sha512-0BxkmU4Vg33flAxPgT17v/YAzpqoLPdqGe7wZJsRaf6lj9cMCPgyRWn7yfvuQmsIuvBWSK5/kQOS8ffXgonLwg==",
      "requires": {
        "@aws-cdk/aws-autoscaling-common": "1.17.1",
        "@aws-cdk/aws-cloudwatch": "1.17.1",
        "@aws-cdk/aws-iam": "1.17.1",
        "@aws-cdk/core": "1.17.1"
      }
    },
    "@aws-cdk/aws-autoscaling": {
      "version": "1.17.1",
      "resolved": "https://registry.npmjs.org/@aws-cdk/aws-autoscaling/-/aws-autoscaling-1.17.1.tgz",
      "integrity": "sha512-6M89k339aEbKPUqHqSxOxoZKmJoTCoxJLr4pqDyK5FrrhmOXw8j/xANs4aHi4JkreZRwULB6yTwViPwlOjUE6w==",
      "requires": {
        "@aws-cdk/aws-autoscaling-common": "1.17.1",
        "@aws-cdk/aws-cloudwatch": "1.17.1",
        "@aws-cdk/aws-ec2": "1.17.1",
        "@aws-cdk/aws-elasticloadbalancing": "1.17.1",
        "@aws-cdk/aws-elasticloadbalancingv2": "1.17.1",
        "@aws-cdk/aws-iam": "1.17.1",
        "@aws-cdk/aws-sns": "1.17.1",
        "@aws-cdk/core": "1.17.1"
      }
    },
    "@aws-cdk/aws-autoscaling-common": {
      "version": "1.17.1",
      "resolved": "https://registry.npmjs.org/@aws-cdk/aws-autoscaling-common/-/aws-autoscaling-common-1.17.1.tgz",
      "integrity": "sha512-ryW+fHaZRln+ellWmNjq8wErVm38oQTGksp22wzmHLXbynyJowaObmBHxMs6Wn7tMz/1VWpDecSqdrfKvqNMBw==",
      "requires": {
        "@aws-cdk/aws-iam": "1.17.1",
        "@aws-cdk/core": "1.17.1"
      }
    },
    "@aws-cdk/aws-autoscaling-hooktargets": {
      "version": "1.17.1",
      "resolved": "https://registry.npmjs.org/@aws-cdk/aws-autoscaling-hooktargets/-/aws-autoscaling-hooktargets-1.17.1.tgz",
      "integrity": "sha512-n2ybO0gBJOaIyUjPWyQKhR0q8DLNjY9Bwq7z8sc/ZC9MlO6sktLplBA6kSc4YrKphhgKqZbZeubY6v5/jl0zFA==",
      "requires": {
        "@aws-cdk/aws-autoscaling": "1.17.1",
        "@aws-cdk/aws-iam": "1.17.1",
        "@aws-cdk/aws-lambda": "1.17.1",
        "@aws-cdk/aws-sns": "1.17.1",
        "@aws-cdk/aws-sns-subscriptions": "1.17.1",
        "@aws-cdk/aws-sqs": "1.17.1",
        "@aws-cdk/core": "1.17.1"
      }
    },
    "@aws-cdk/aws-certificatemanager": {
      "version": "1.17.1",
      "resolved": "https://registry.npmjs.org/@aws-cdk/aws-certificatemanager/-/aws-certificatemanager-1.17.1.tgz",
      "integrity": "sha512-7Bg5EmPhX3Do2ZO0XhsBnMGNN6IDtnn4b/dME8XoFKHo+Ej91qGNB9+fd3MLRyxJ7eXCtLu/rnMrH/30ZLp/BA==",
      "requires": {
        "@aws-cdk/aws-cloudformation": "1.17.1",
        "@aws-cdk/aws-iam": "1.17.1",
        "@aws-cdk/aws-lambda": "1.17.1",
        "@aws-cdk/aws-route53": "1.17.1",
        "@aws-cdk/core": "1.17.1"
      }
    },
    "@aws-cdk/aws-cloudformation": {
      "version": "1.17.1",
      "resolved": "https://registry.npmjs.org/@aws-cdk/aws-cloudformation/-/aws-cloudformation-1.17.1.tgz",
      "integrity": "sha512-WOLx28d1IICfR9PxUpM0ky/H06/zMTpbW+K7xPp+EZNcfi5qfvXhJoO1Avi1rfbJOZz18lM2p99fuisBXxP9Tg==",
      "requires": {
        "@aws-cdk/aws-iam": "1.17.1",
        "@aws-cdk/aws-lambda": "1.17.1",
        "@aws-cdk/aws-s3": "1.17.1",
        "@aws-cdk/aws-sns": "1.17.1",
        "@aws-cdk/core": "1.17.1",
        "@aws-cdk/cx-api": "1.17.1"
      }
    },
    "@aws-cdk/aws-cloudfront": {
      "version": "1.17.1",
      "resolved": "https://registry.npmjs.org/@aws-cdk/aws-cloudfront/-/aws-cloudfront-1.17.1.tgz",
      "integrity": "sha512-dVpjS+WAWss9b5henSXWb00wA3qx/eDmJvr8tmlUOHahnjIdMQNPNJWMP/3hdaqUSCsmcpmVMhm9tckPTRP9tQ==",
      "requires": {
        "@aws-cdk/aws-certificatemanager": "1.17.1",
        "@aws-cdk/aws-iam": "1.17.1",
        "@aws-cdk/aws-kms": "1.17.1",
        "@aws-cdk/aws-lambda": "1.17.1",
        "@aws-cdk/aws-s3": "1.17.1",
        "@aws-cdk/core": "1.17.1"
      }
    },
    "@aws-cdk/aws-cloudwatch": {
      "version": "1.17.1",
      "resolved": "https://registry.npmjs.org/@aws-cdk/aws-cloudwatch/-/aws-cloudwatch-1.17.1.tgz",
      "integrity": "sha512-AXgsKnBbJWMn5ujBJbFYc38yEuawCY1akEXxr9/FXMXOtKV4IuhlMSR7ih12ZOyb67UAYbY+E4K2IFAGJnzk2w==",
      "requires": {
        "@aws-cdk/aws-iam": "1.17.1",
        "@aws-cdk/core": "1.17.1"
      }
    },
    "@aws-cdk/aws-codebuild": {
      "version": "1.17.1",
      "resolved": "https://registry.npmjs.org/@aws-cdk/aws-codebuild/-/aws-codebuild-1.17.1.tgz",
      "integrity": "sha512-uAwNmF4b21mqyOqs30RYZwANxQI7a8yrM3hH9L38Xj/qoNZQWezV3aUdgyqbwfBjmJ7t+DMFLihKHYJuIVRpfA==",
      "requires": {
        "@aws-cdk/assets": "1.17.1",
        "@aws-cdk/aws-cloudwatch": "1.17.1",
        "@aws-cdk/aws-codecommit": "1.17.1",
        "@aws-cdk/aws-ec2": "1.17.1",
        "@aws-cdk/aws-ecr": "1.17.1",
        "@aws-cdk/aws-ecr-assets": "1.17.1",
        "@aws-cdk/aws-events": "1.17.1",
        "@aws-cdk/aws-iam": "1.17.1",
        "@aws-cdk/aws-kms": "1.17.1",
        "@aws-cdk/aws-s3": "1.17.1",
        "@aws-cdk/aws-s3-assets": "1.17.1",
        "@aws-cdk/aws-secretsmanager": "1.17.1",
        "@aws-cdk/core": "1.17.1"
      }
    },
    "@aws-cdk/aws-codecommit": {
      "version": "1.17.1",
      "resolved": "https://registry.npmjs.org/@aws-cdk/aws-codecommit/-/aws-codecommit-1.17.1.tgz",
      "integrity": "sha512-RTHPsWYcSeKrCe8vPAp9rtwe8xE/98z+aOq/Bt9F5O/x0x6hBTZQqJiwZT/7KOiFg17zkMuePiTTA2a1zfQ7Tw==",
      "requires": {
        "@aws-cdk/aws-events": "1.17.1",
        "@aws-cdk/aws-iam": "1.17.1",
        "@aws-cdk/core": "1.17.1"
      }
    },
    "@aws-cdk/aws-codepipeline": {
      "version": "1.17.1",
      "resolved": "https://registry.npmjs.org/@aws-cdk/aws-codepipeline/-/aws-codepipeline-1.17.1.tgz",
      "integrity": "sha512-lIHRO0mplux35QBnSCylOdJ2vP0kscsh1eNHqNJZqdwqLIWUdXZm/FLO2Iku75e/3EEdppsLkw/0bxha3l2RZg==",
      "requires": {
        "@aws-cdk/aws-events": "1.17.1",
        "@aws-cdk/aws-iam": "1.17.1",
        "@aws-cdk/aws-kms": "1.17.1",
        "@aws-cdk/aws-s3": "1.17.1",
        "@aws-cdk/core": "1.17.1"
      }
    },
    "@aws-cdk/aws-dynamodb": {
      "version": "1.17.1",
      "resolved": "https://registry.npmjs.org/@aws-cdk/aws-dynamodb/-/aws-dynamodb-1.17.1.tgz",
      "integrity": "sha512-ONVA/e4F275A7mzjf5sjMNg85oHy8TSGhkKqkyLQePe5tJXyFWGvyF1f3gy4LcbtsDjGDE4ZCb+yfJAuQqNajg==",
      "requires": {
        "@aws-cdk/aws-applicationautoscaling": "1.17.1",
        "@aws-cdk/aws-iam": "1.17.1",
        "@aws-cdk/core": "1.17.1"
      },
      "dependencies": {
        "@aws-cdk/aws-applicationautoscaling": {
          "version": "1.17.1",
          "resolved": "https://registry.npmjs.org/@aws-cdk/aws-applicationautoscaling/-/aws-applicationautoscaling-1.17.1.tgz",
          "integrity": "sha512-0BxkmU4Vg33flAxPgT17v/YAzpqoLPdqGe7wZJsRaf6lj9cMCPgyRWn7yfvuQmsIuvBWSK5/kQOS8ffXgonLwg==",
          "requires": {
            "@aws-cdk/aws-autoscaling-common": "1.17.1",
            "@aws-cdk/aws-cloudwatch": "1.17.1",
            "@aws-cdk/aws-iam": "1.17.1",
            "@aws-cdk/core": "1.17.1"
          }
        },
        "@aws-cdk/aws-autoscaling-common": {
          "version": "1.17.1",
          "resolved": "https://registry.npmjs.org/@aws-cdk/aws-autoscaling-common/-/aws-autoscaling-common-1.17.1.tgz",
          "integrity": "sha512-ryW+fHaZRln+ellWmNjq8wErVm38oQTGksp22wzmHLXbynyJowaObmBHxMs6Wn7tMz/1VWpDecSqdrfKvqNMBw==",
          "requires": {
            "@aws-cdk/aws-iam": "1.17.1",
            "@aws-cdk/core": "1.17.1"
          }
        },
        "@aws-cdk/aws-cloudwatch": {
          "version": "1.17.1",
          "resolved": "https://registry.npmjs.org/@aws-cdk/aws-cloudwatch/-/aws-cloudwatch-1.17.1.tgz",
          "integrity": "sha512-AXgsKnBbJWMn5ujBJbFYc38yEuawCY1akEXxr9/FXMXOtKV4IuhlMSR7ih12ZOyb67UAYbY+E4K2IFAGJnzk2w==",
          "requires": {
            "@aws-cdk/aws-iam": "1.17.1",
            "@aws-cdk/core": "1.17.1"
          }
        },
        "@aws-cdk/aws-iam": {
          "version": "1.17.1",
          "resolved": "https://registry.npmjs.org/@aws-cdk/aws-iam/-/aws-iam-1.17.1.tgz",
          "integrity": "sha512-smuU0Tl4qVV51PsKeeRm+U4G32qL1j7OLb9SkoldtjWiXNKl4VUo6S0vE/rG72eO6+ooefrTruunpqa7nECf/A==",
          "requires": {
            "@aws-cdk/core": "1.17.1",
            "@aws-cdk/region-info": "1.17.1"
          }
        },
        "@aws-cdk/core": {
          "version": "1.17.1",
          "resolved": "https://registry.npmjs.org/@aws-cdk/core/-/core-1.17.1.tgz",
          "integrity": "sha512-MY9LvBeuoQ5bsapHxXkmTWefXxQMNbb2A3oSgYIRleA3VI5panBoccW8JQQdmG+r6kU9bMVLVvBDT9WKvEOSXQ==",
          "requires": {
            "@aws-cdk/cx-api": "1.17.1"
          }
        },
        "@aws-cdk/cx-api": {
          "version": "1.17.1",
          "resolved": "https://registry.npmjs.org/@aws-cdk/cx-api/-/cx-api-1.17.1.tgz",
          "integrity": "sha512-3aGO5AGgVs+bDMp8fCqT9D7YqklN8KzdG4KgrHDYzqlhRxLQ0+VpruyqcYNktM5WTyQWGlwYLU1PMnw89fSDYQ==",
          "requires": {
            "semver": "^6.3.0"
          },
          "dependencies": {
            "semver": {
              "version": "6.3.0",
              "bundled": true
            }
          }
        },
        "@aws-cdk/region-info": {
          "version": "1.17.1",
          "resolved": "https://registry.npmjs.org/@aws-cdk/region-info/-/region-info-1.17.1.tgz",
          "integrity": "sha512-7zhAfFbLlX8LRJtkpb9+3erMTKY7N8zICgcgsQF1RxJD09ZBy7+Ad7TXcUZGbCmqJgYQFCYFrlyI+6NfGGZraw=="
        }
      }
    },
    "@aws-cdk/aws-ec2": {
      "version": "1.17.1",
      "resolved": "https://registry.npmjs.org/@aws-cdk/aws-ec2/-/aws-ec2-1.17.1.tgz",
      "integrity": "sha512-D2RU/jOKUzsa3S0uFnGjIG/h1kI6vJPprCB3C7D2E7nQn4jBg72Lm20VgnpInWKEhtHMCDlgDGO2AhyOdayYOw==",
      "requires": {
        "@aws-cdk/aws-cloudwatch": "1.17.1",
        "@aws-cdk/aws-iam": "1.17.1",
        "@aws-cdk/aws-ssm": "1.17.1",
        "@aws-cdk/core": "1.17.1",
        "@aws-cdk/cx-api": "1.17.1"
      }
    },
    "@aws-cdk/aws-ecr": {
      "version": "1.17.1",
      "resolved": "https://registry.npmjs.org/@aws-cdk/aws-ecr/-/aws-ecr-1.17.1.tgz",
      "integrity": "sha512-OREWMkz6RmW5unFV8iiRDEpEZqCYSmOWcsT+5Xerdrkdmc0+t23/HzSBTPSIJZSEm1HTmwqAlQ/IyJA+YPlyMQ==",
      "requires": {
        "@aws-cdk/aws-events": "1.17.1",
        "@aws-cdk/aws-iam": "1.17.1",
        "@aws-cdk/core": "1.17.1"
      }
    },
    "@aws-cdk/aws-ecr-assets": {
      "version": "1.17.1",
      "resolved": "https://registry.npmjs.org/@aws-cdk/aws-ecr-assets/-/aws-ecr-assets-1.17.1.tgz",
      "integrity": "sha512-AB+YTD/jBj1oQKEZnEOv3we8x62ZONQpMlaodn+IG6GNcFvdMpkMICmCkWB52euS8fgdV2QYKkGgv7acLii+jg==",
      "requires": {
        "@aws-cdk/assets": "1.17.1",
        "@aws-cdk/aws-cloudformation": "1.17.1",
        "@aws-cdk/aws-ecr": "1.17.1",
        "@aws-cdk/aws-iam": "1.17.1",
        "@aws-cdk/aws-lambda": "1.17.1",
        "@aws-cdk/aws-s3": "1.17.1",
        "@aws-cdk/core": "1.17.1",
        "@aws-cdk/cx-api": "1.17.1"
      }
    },
    "@aws-cdk/aws-ecs": {
      "version": "1.17.1",
      "resolved": "https://registry.npmjs.org/@aws-cdk/aws-ecs/-/aws-ecs-1.17.1.tgz",
      "integrity": "sha512-Etg0vnLWVDyyncFYncaGk3KPLGdU6FTVGSEGhfcvvBsQY6jjrmVyKuacjUTDoJydj9Q+GpwmUCKR+RPdEU2zuQ==",
      "requires": {
        "@aws-cdk/aws-applicationautoscaling": "1.17.1",
        "@aws-cdk/aws-autoscaling": "1.17.1",
        "@aws-cdk/aws-autoscaling-hooktargets": "1.17.1",
        "@aws-cdk/aws-certificatemanager": "1.17.1",
        "@aws-cdk/aws-cloudformation": "1.17.1",
        "@aws-cdk/aws-cloudwatch": "1.17.1",
        "@aws-cdk/aws-ec2": "1.17.1",
        "@aws-cdk/aws-ecr": "1.17.1",
        "@aws-cdk/aws-ecr-assets": "1.17.1",
        "@aws-cdk/aws-elasticloadbalancing": "1.17.1",
        "@aws-cdk/aws-elasticloadbalancingv2": "1.17.1",
        "@aws-cdk/aws-iam": "1.17.1",
        "@aws-cdk/aws-lambda": "1.17.1",
        "@aws-cdk/aws-logs": "1.17.1",
        "@aws-cdk/aws-route53": "1.17.1",
        "@aws-cdk/aws-route53-targets": "1.17.1",
        "@aws-cdk/aws-secretsmanager": "1.17.1",
        "@aws-cdk/aws-servicediscovery": "1.17.1",
        "@aws-cdk/aws-sns": "1.17.1",
        "@aws-cdk/aws-sqs": "1.17.1",
        "@aws-cdk/aws-ssm": "1.17.1",
        "@aws-cdk/core": "1.17.1",
        "@aws-cdk/cx-api": "1.17.1"
      }
    },
    "@aws-cdk/aws-ecs-patterns": {
      "version": "1.17.1",
      "resolved": "https://registry.npmjs.org/@aws-cdk/aws-ecs-patterns/-/aws-ecs-patterns-1.17.1.tgz",
      "integrity": "sha512-r5JbiR9Gz41vG4+7y8mRMRlfPrjrBEEpaGx7t3xH9vsQFzicCNfqd/Y0y3dTTk7P8diYkMHBjwJsFYQq8bIOMw==",
      "requires": {
        "@aws-cdk/aws-applicationautoscaling": "1.17.1",
        "@aws-cdk/aws-certificatemanager": "1.17.1",
        "@aws-cdk/aws-ec2": "1.17.1",
        "@aws-cdk/aws-ecs": "1.17.1",
        "@aws-cdk/aws-elasticloadbalancingv2": "1.17.1",
        "@aws-cdk/aws-events": "1.17.1",
        "@aws-cdk/aws-events-targets": "1.17.1",
        "@aws-cdk/aws-iam": "1.17.1",
        "@aws-cdk/aws-route53": "1.17.1",
        "@aws-cdk/aws-route53-targets": "1.17.1",
        "@aws-cdk/aws-servicediscovery": "1.17.1",
        "@aws-cdk/aws-sqs": "1.17.1",
        "@aws-cdk/core": "1.17.1"
      }
    },
    "@aws-cdk/aws-elasticloadbalancing": {
      "version": "1.17.1",
      "resolved": "https://registry.npmjs.org/@aws-cdk/aws-elasticloadbalancing/-/aws-elasticloadbalancing-1.17.1.tgz",
      "integrity": "sha512-lsABMsAroteGMcDqB8lyK5Wx9K2hnjwjxl/+TDfytg9pFoiIHlW6YDeVFEoiPnSKHgxoJbn3UY88Yd2vve0pJA==",
      "requires": {
        "@aws-cdk/aws-ec2": "1.17.1",
        "@aws-cdk/core": "1.17.1"
      }
    },
    "@aws-cdk/aws-elasticloadbalancingv2": {
      "version": "1.17.1",
      "resolved": "https://registry.npmjs.org/@aws-cdk/aws-elasticloadbalancingv2/-/aws-elasticloadbalancingv2-1.17.1.tgz",
      "integrity": "sha512-3oM3qJe5a9dUJy13ihkeJw+KstnlcVhUluTRGhHQAUPVpVQjtsGayhjsae02IJBlWY6WR2LtROfx1MoGTqBK7Q==",
      "requires": {
        "@aws-cdk/aws-certificatemanager": "1.17.1",
        "@aws-cdk/aws-cloudwatch": "1.17.1",
        "@aws-cdk/aws-ec2": "1.17.1",
        "@aws-cdk/aws-iam": "1.17.1",
        "@aws-cdk/aws-lambda": "1.17.1",
        "@aws-cdk/aws-s3": "1.17.1",
        "@aws-cdk/core": "1.17.1"
      }
    },
    "@aws-cdk/aws-events": {
      "version": "1.17.1",
      "resolved": "https://registry.npmjs.org/@aws-cdk/aws-events/-/aws-events-1.17.1.tgz",
      "integrity": "sha512-6kXMKmaAeQkaBnYtVxZG6FZ37LaD6YczAx/rs4gP5hVvHO/nOWjg1+UFf47h+uFtprKaNetuJUkLhwncqV7/7A==",
      "requires": {
        "@aws-cdk/aws-iam": "1.17.1",
        "@aws-cdk/core": "1.17.1"
      }
    },
    "@aws-cdk/aws-events-targets": {
      "version": "1.17.1",
      "resolved": "https://registry.npmjs.org/@aws-cdk/aws-events-targets/-/aws-events-targets-1.17.1.tgz",
      "integrity": "sha512-p1hGXjuWtRq1XN1PskZMkgZt+SRnbuVN2FBCJPY2LWT0jC4PWMt0jeD8LuHPa5djNd8tcPlcPo1ExwP1otoR2A==",
      "requires": {
        "@aws-cdk/aws-cloudformation": "1.17.1",
        "@aws-cdk/aws-codebuild": "1.17.1",
        "@aws-cdk/aws-codepipeline": "1.17.1",
        "@aws-cdk/aws-ec2": "1.17.1",
        "@aws-cdk/aws-ecs": "1.17.1",
        "@aws-cdk/aws-events": "1.17.1",
        "@aws-cdk/aws-iam": "1.17.1",
        "@aws-cdk/aws-lambda": "1.17.1",
        "@aws-cdk/aws-sns": "1.17.1",
        "@aws-cdk/aws-sns-subscriptions": "1.17.1",
        "@aws-cdk/aws-sqs": "1.17.1",
        "@aws-cdk/aws-stepfunctions": "1.17.1",
        "@aws-cdk/core": "1.17.1"
      }
    },
    "@aws-cdk/aws-iam": {
      "version": "1.17.1",
      "resolved": "https://registry.npmjs.org/@aws-cdk/aws-iam/-/aws-iam-1.17.1.tgz",
      "integrity": "sha512-smuU0Tl4qVV51PsKeeRm+U4G32qL1j7OLb9SkoldtjWiXNKl4VUo6S0vE/rG72eO6+ooefrTruunpqa7nECf/A==",
      "requires": {
        "@aws-cdk/core": "1.17.1",
        "@aws-cdk/region-info": "1.17.1"
      }
    },
    "@aws-cdk/aws-kinesis": {
      "version": "1.17.1",
      "resolved": "https://registry.npmjs.org/@aws-cdk/aws-kinesis/-/aws-kinesis-1.17.1.tgz",
      "integrity": "sha512-BHb1+bdhWdlbkL78AeDO3lXo91QpWsLtHhmEYn/whhwh6NcpphQf93pUy88009hqwY9BzTHETHEyUUoxEfVHTg==",
      "requires": {
        "@aws-cdk/aws-iam": "1.17.1",
        "@aws-cdk/aws-kms": "1.17.1",
        "@aws-cdk/aws-logs": "1.17.1",
        "@aws-cdk/core": "1.17.1"
      }
    },
    "@aws-cdk/aws-kms": {
      "version": "1.17.1",
      "resolved": "https://registry.npmjs.org/@aws-cdk/aws-kms/-/aws-kms-1.17.1.tgz",
      "integrity": "sha512-tfWmYaphAmSu2DRgy3jwewtwW2IyEfSNOq4cA3vdP2cleYhF11+1UzDQyJ08BAWG12VjQxrWijZjjnDSPxT80w==",
      "requires": {
        "@aws-cdk/aws-iam": "1.17.1",
        "@aws-cdk/core": "1.17.1"
      }
    },
    "@aws-cdk/aws-lambda": {
      "version": "1.17.1",
      "resolved": "https://registry.npmjs.org/@aws-cdk/aws-lambda/-/aws-lambda-1.17.1.tgz",
      "integrity": "sha512-43BEJr1epeU0GLKiPIWGl6RO+b721jLZ5z03CAznTCWMYYOz/H7Upd9kGP53OhXZq0BjMlvZqwUI9fW06SVTnA==",
      "requires": {
        "@aws-cdk/aws-cloudwatch": "1.17.1",
        "@aws-cdk/aws-ec2": "1.17.1",
        "@aws-cdk/aws-events": "1.17.1",
        "@aws-cdk/aws-iam": "1.17.1",
        "@aws-cdk/aws-logs": "1.17.1",
        "@aws-cdk/aws-s3": "1.17.1",
        "@aws-cdk/aws-s3-assets": "1.17.1",
        "@aws-cdk/aws-sqs": "1.17.1",
        "@aws-cdk/core": "1.17.1",
        "@aws-cdk/cx-api": "1.17.1"
      },
      "dependencies": {
        "@aws-cdk/assets": {
          "version": "1.17.1",
          "resolved": "https://registry.npmjs.org/@aws-cdk/assets/-/assets-1.17.1.tgz",
          "integrity": "sha512-DsjgwdGvzRxEichF21mUWMjtI3kMSpRJtD/7+nE1JU8m/cBdxfE8EhQ5UgrAewSaE5lT0/w7Ld0U6IY33KclKg==",
          "requires": {
            "@aws-cdk/core": "1.17.1",
            "@aws-cdk/cx-api": "1.17.1",
            "minimatch": "^3.0.4"
          },
          "dependencies": {
            "balanced-match": {
              "version": "1.0.0",
              "bundled": true
            },
            "brace-expansion": {
              "version": "1.1.11",
              "bundled": true,
              "requires": {
                "balanced-match": "^1.0.0",
                "concat-map": "0.0.1"
              }
            },
            "concat-map": {
              "version": "0.0.1",
              "bundled": true
            },
            "minimatch": {
              "version": "3.0.4",
              "bundled": true,
              "requires": {
                "brace-expansion": "^1.1.7"
              }
            }
          }
        },
        "@aws-cdk/aws-cloudwatch": {
          "version": "1.17.1",
          "resolved": "https://registry.npmjs.org/@aws-cdk/aws-cloudwatch/-/aws-cloudwatch-1.17.1.tgz",
          "integrity": "sha512-AXgsKnBbJWMn5ujBJbFYc38yEuawCY1akEXxr9/FXMXOtKV4IuhlMSR7ih12ZOyb67UAYbY+E4K2IFAGJnzk2w==",
          "requires": {
            "@aws-cdk/aws-iam": "1.17.1",
            "@aws-cdk/core": "1.17.1"
          }
        },
        "@aws-cdk/aws-ec2": {
          "version": "1.17.1",
          "resolved": "https://registry.npmjs.org/@aws-cdk/aws-ec2/-/aws-ec2-1.17.1.tgz",
          "integrity": "sha512-D2RU/jOKUzsa3S0uFnGjIG/h1kI6vJPprCB3C7D2E7nQn4jBg72Lm20VgnpInWKEhtHMCDlgDGO2AhyOdayYOw==",
          "requires": {
            "@aws-cdk/aws-cloudwatch": "1.17.1",
            "@aws-cdk/aws-iam": "1.17.1",
            "@aws-cdk/aws-ssm": "1.17.1",
            "@aws-cdk/core": "1.17.1",
            "@aws-cdk/cx-api": "1.17.1"
          }
        },
        "@aws-cdk/aws-events": {
          "version": "1.17.1",
          "resolved": "https://registry.npmjs.org/@aws-cdk/aws-events/-/aws-events-1.17.1.tgz",
          "integrity": "sha512-6kXMKmaAeQkaBnYtVxZG6FZ37LaD6YczAx/rs4gP5hVvHO/nOWjg1+UFf47h+uFtprKaNetuJUkLhwncqV7/7A==",
          "requires": {
            "@aws-cdk/aws-iam": "1.17.1",
            "@aws-cdk/core": "1.17.1"
          }
        },
        "@aws-cdk/aws-iam": {
          "version": "1.17.1",
          "resolved": "https://registry.npmjs.org/@aws-cdk/aws-iam/-/aws-iam-1.17.1.tgz",
          "integrity": "sha512-smuU0Tl4qVV51PsKeeRm+U4G32qL1j7OLb9SkoldtjWiXNKl4VUo6S0vE/rG72eO6+ooefrTruunpqa7nECf/A==",
          "requires": {
            "@aws-cdk/core": "1.17.1",
            "@aws-cdk/region-info": "1.17.1"
          }
        },
        "@aws-cdk/aws-kms": {
          "version": "1.17.1",
          "resolved": "https://registry.npmjs.org/@aws-cdk/aws-kms/-/aws-kms-1.17.1.tgz",
          "integrity": "sha512-tfWmYaphAmSu2DRgy3jwewtwW2IyEfSNOq4cA3vdP2cleYhF11+1UzDQyJ08BAWG12VjQxrWijZjjnDSPxT80w==",
          "requires": {
            "@aws-cdk/aws-iam": "1.17.1",
            "@aws-cdk/core": "1.17.1"
          }
        },
        "@aws-cdk/aws-logs": {
          "version": "1.17.1",
          "resolved": "https://registry.npmjs.org/@aws-cdk/aws-logs/-/aws-logs-1.17.1.tgz",
          "integrity": "sha512-JM7UjDZ4m3ShLwYakETU78sKq4LNNcy1/xUjyY+DPXEbLR7P/ce0XDwvehEhY5mJoQ+PgU5zFU0cZtLKpOeVrA==",
          "requires": {
            "@aws-cdk/aws-cloudwatch": "1.17.1",
            "@aws-cdk/aws-iam": "1.17.1",
            "@aws-cdk/core": "1.17.1"
          }
        },
        "@aws-cdk/aws-s3": {
          "version": "1.17.1",
          "resolved": "https://registry.npmjs.org/@aws-cdk/aws-s3/-/aws-s3-1.17.1.tgz",
          "integrity": "sha512-ZA8wJwIq2mzsD279B8n6zABkRZ2WSdr8IShG/2EIfTyy2pTiCmckOYMTYaHtCbdMB7be6dlYgsOanP/Q2FO96Q==",
          "requires": {
            "@aws-cdk/aws-events": "1.17.1",
            "@aws-cdk/aws-iam": "1.17.1",
            "@aws-cdk/aws-kms": "1.17.1",
            "@aws-cdk/core": "1.17.1"
          }
        },
        "@aws-cdk/aws-s3-assets": {
          "version": "1.17.1",
          "resolved": "https://registry.npmjs.org/@aws-cdk/aws-s3-assets/-/aws-s3-assets-1.17.1.tgz",
          "integrity": "sha512-XyVoHWrsRC3FoCs45VrXYV4QiWsMWWQ2kIMVvkG3KK/WEglzTHc0YkE+FbeypN8oBlnh81/e7i1P7w8fQbEQVA==",
          "requires": {
            "@aws-cdk/assets": "1.17.1",
            "@aws-cdk/aws-iam": "1.17.1",
            "@aws-cdk/aws-s3": "1.17.1",
            "@aws-cdk/core": "1.17.1",
            "@aws-cdk/cx-api": "1.17.1"
          }
        },
        "@aws-cdk/aws-sqs": {
          "version": "1.17.1",
          "resolved": "https://registry.npmjs.org/@aws-cdk/aws-sqs/-/aws-sqs-1.17.1.tgz",
          "integrity": "sha512-mQ7ndsDQVV6ZrAN3CruqM+XYbH2WLY6kzRbL1esHt3ZwdvIlbG7uuEq26hrOVU9TX3+oYRyEht/BXPpgDuRpdg==",
          "requires": {
            "@aws-cdk/aws-cloudwatch": "1.17.1",
            "@aws-cdk/aws-iam": "1.17.1",
            "@aws-cdk/aws-kms": "1.17.1",
            "@aws-cdk/core": "1.17.1"
          }
        },
        "@aws-cdk/aws-ssm": {
          "version": "1.17.1",
          "resolved": "https://registry.npmjs.org/@aws-cdk/aws-ssm/-/aws-ssm-1.17.1.tgz",
          "integrity": "sha512-8OOn4NUK7pO9OOJvN4TumiPn3AH4o6n2/Lfo5olX9k9hGHKqGydmVcyvPNMsv94/Iz1mMGGgrIWcUfXe5tHNHA==",
          "requires": {
            "@aws-cdk/aws-iam": "1.17.1",
            "@aws-cdk/aws-kms": "1.17.1",
            "@aws-cdk/core": "1.17.1",
            "@aws-cdk/cx-api": "1.17.1"
          }
        },
        "@aws-cdk/core": {
          "version": "1.17.1",
          "resolved": "https://registry.npmjs.org/@aws-cdk/core/-/core-1.17.1.tgz",
          "integrity": "sha512-MY9LvBeuoQ5bsapHxXkmTWefXxQMNbb2A3oSgYIRleA3VI5panBoccW8JQQdmG+r6kU9bMVLVvBDT9WKvEOSXQ==",
          "requires": {
            "@aws-cdk/cx-api": "1.17.1"
          }
        },
        "@aws-cdk/cx-api": {
          "version": "1.17.1",
          "resolved": "https://registry.npmjs.org/@aws-cdk/cx-api/-/cx-api-1.17.1.tgz",
          "integrity": "sha512-3aGO5AGgVs+bDMp8fCqT9D7YqklN8KzdG4KgrHDYzqlhRxLQ0+VpruyqcYNktM5WTyQWGlwYLU1PMnw89fSDYQ==",
          "requires": {
            "semver": "^6.3.0"
          },
          "dependencies": {
            "semver": {
              "version": "6.3.0",
              "bundled": true
            }
          }
        },
        "@aws-cdk/region-info": {
          "version": "1.17.1",
          "resolved": "https://registry.npmjs.org/@aws-cdk/region-info/-/region-info-1.17.1.tgz",
          "integrity": "sha512-7zhAfFbLlX8LRJtkpb9+3erMTKY7N8zICgcgsQF1RxJD09ZBy7+Ad7TXcUZGbCmqJgYQFCYFrlyI+6NfGGZraw=="
        }
      }
    },
    "@aws-cdk/aws-lambda-event-sources": {
      "version": "1.17.1",
      "resolved": "https://registry.npmjs.org/@aws-cdk/aws-lambda-event-sources/-/aws-lambda-event-sources-1.17.1.tgz",
      "integrity": "sha512-wQ3TvbWeA0sRZ+4MAgurzOmNktGo6kJE+MItBLxvIQD7xFyFk84KbzEKHAc2LWh5s0rzzj49ShdVVDnq36JEAA==",
      "requires": {
        "@aws-cdk/aws-apigateway": "1.17.1",
        "@aws-cdk/aws-dynamodb": "1.17.1",
        "@aws-cdk/aws-events": "1.17.1",
        "@aws-cdk/aws-iam": "1.17.1",
        "@aws-cdk/aws-kinesis": "1.17.1",
        "@aws-cdk/aws-lambda": "1.17.1",
        "@aws-cdk/aws-s3": "1.17.1",
        "@aws-cdk/aws-s3-notifications": "1.17.1",
        "@aws-cdk/aws-sns": "1.17.1",
        "@aws-cdk/aws-sns-subscriptions": "1.17.1",
        "@aws-cdk/aws-sqs": "1.17.1",
        "@aws-cdk/core": "1.17.1"
      }
    },
    "@aws-cdk/aws-logs": {
      "version": "1.17.1",
      "resolved": "https://registry.npmjs.org/@aws-cdk/aws-logs/-/aws-logs-1.17.1.tgz",
      "integrity": "sha512-JM7UjDZ4m3ShLwYakETU78sKq4LNNcy1/xUjyY+DPXEbLR7P/ce0XDwvehEhY5mJoQ+PgU5zFU0cZtLKpOeVrA==",
      "requires": {
        "@aws-cdk/aws-cloudwatch": "1.17.1",
        "@aws-cdk/aws-iam": "1.17.1",
        "@aws-cdk/core": "1.17.1"
      }
    },
    "@aws-cdk/aws-route53": {
      "version": "1.17.1",
      "resolved": "https://registry.npmjs.org/@aws-cdk/aws-route53/-/aws-route53-1.17.1.tgz",
      "integrity": "sha512-kBemK7l1L6eYJfP5rbnLIIdI8xtQNPQPPiAYaoDAnM7A2sD76tplwmFB3FXojPkFpiPRPuZpsK0SbuD+IAaVqQ==",
      "requires": {
        "@aws-cdk/aws-ec2": "1.17.1",
        "@aws-cdk/aws-logs": "1.17.1",
        "@aws-cdk/core": "1.17.1",
        "@aws-cdk/cx-api": "1.17.1"
      }
    },
    "@aws-cdk/aws-route53-targets": {
      "version": "1.17.1",
      "resolved": "https://registry.npmjs.org/@aws-cdk/aws-route53-targets/-/aws-route53-targets-1.17.1.tgz",
      "integrity": "sha512-tkV6eyVg0O9+H25GVPtapOY1PQd4iPCarUBRIRFbas/6Kajkni0O9+c5gUCgjJMGDCcVNNz6a9skrErn4qzJxw==",
      "requires": {
        "@aws-cdk/aws-apigateway": "1.17.1",
        "@aws-cdk/aws-cloudfront": "1.17.1",
        "@aws-cdk/aws-elasticloadbalancing": "1.17.1",
        "@aws-cdk/aws-elasticloadbalancingv2": "1.17.1",
        "@aws-cdk/aws-iam": "1.17.1",
        "@aws-cdk/aws-route53": "1.17.1",
        "@aws-cdk/aws-s3": "1.17.1",
        "@aws-cdk/core": "1.17.1",
        "@aws-cdk/region-info": "1.17.1"
      }
    },
    "@aws-cdk/aws-s3": {
      "version": "1.17.1",
      "resolved": "https://registry.npmjs.org/@aws-cdk/aws-s3/-/aws-s3-1.17.1.tgz",
      "integrity": "sha512-ZA8wJwIq2mzsD279B8n6zABkRZ2WSdr8IShG/2EIfTyy2pTiCmckOYMTYaHtCbdMB7be6dlYgsOanP/Q2FO96Q==",
      "requires": {
        "@aws-cdk/aws-events": "1.17.1",
        "@aws-cdk/aws-iam": "1.17.1",
        "@aws-cdk/aws-kms": "1.17.1",
        "@aws-cdk/core": "1.17.1"
      }
    },
    "@aws-cdk/aws-s3-assets": {
      "version": "1.17.1",
      "resolved": "https://registry.npmjs.org/@aws-cdk/aws-s3-assets/-/aws-s3-assets-1.17.1.tgz",
      "integrity": "sha512-XyVoHWrsRC3FoCs45VrXYV4QiWsMWWQ2kIMVvkG3KK/WEglzTHc0YkE+FbeypN8oBlnh81/e7i1P7w8fQbEQVA==",
      "requires": {
        "@aws-cdk/assets": "1.17.1",
        "@aws-cdk/aws-iam": "1.17.1",
        "@aws-cdk/aws-s3": "1.17.1",
        "@aws-cdk/core": "1.17.1",
        "@aws-cdk/cx-api": "1.17.1"
      }
    },
    "@aws-cdk/aws-s3-deployment": {
      "version": "1.17.1",
      "resolved": "https://registry.npmjs.org/@aws-cdk/aws-s3-deployment/-/aws-s3-deployment-1.17.1.tgz",
      "integrity": "sha512-1Do/0eLyVW3uk290Rx7pQ5R+Ho08/WX33k3JcNNzTUwLW6bQGm9LOL7Fim0q43EbQ4L+47MMH9gdzXn2igqjXQ==",
      "requires": {
        "@aws-cdk/aws-cloudformation": "1.17.1",
        "@aws-cdk/aws-cloudfront": "1.17.1",
        "@aws-cdk/aws-iam": "1.17.1",
        "@aws-cdk/aws-lambda": "1.17.1",
        "@aws-cdk/aws-s3": "1.17.1",
        "@aws-cdk/aws-s3-assets": "1.17.1",
        "@aws-cdk/core": "1.17.1"
      }
    },
    "@aws-cdk/aws-s3-notifications": {
      "version": "1.17.1",
      "resolved": "https://registry.npmjs.org/@aws-cdk/aws-s3-notifications/-/aws-s3-notifications-1.17.1.tgz",
      "integrity": "sha512-J5iudfjXe61eoxcJjg6uJDObKbBX5HpIZYAZPOJ9RDtqOEN2JGFTzb3DjJnObhfiGDoTahbh1Q6w+MWFKL1Xmg==",
      "requires": {
        "@aws-cdk/aws-iam": "1.17.1",
        "@aws-cdk/aws-lambda": "1.17.1",
        "@aws-cdk/aws-s3": "1.17.1",
        "@aws-cdk/aws-sns": "1.17.1",
        "@aws-cdk/aws-sqs": "1.17.1",
        "@aws-cdk/core": "1.17.1"
      }
    },
    "@aws-cdk/aws-secretsmanager": {
      "version": "1.17.1",
      "resolved": "https://registry.npmjs.org/@aws-cdk/aws-secretsmanager/-/aws-secretsmanager-1.17.1.tgz",
      "integrity": "sha512-z8ZK19rE6ZWPuPVhe6AN7DHqsMlVTUozQKnEk0BYzTI+kiipAxyrIjLP+P5vxlMKGuBnV7ThGd7xB8NP8EbzIw==",
      "requires": {
        "@aws-cdk/aws-ec2": "1.17.1",
        "@aws-cdk/aws-iam": "1.17.1",
        "@aws-cdk/aws-kms": "1.17.1",
        "@aws-cdk/aws-lambda": "1.17.1",
        "@aws-cdk/core": "1.17.1"
      }
    },
    "@aws-cdk/aws-servicediscovery": {
      "version": "1.17.1",
      "resolved": "https://registry.npmjs.org/@aws-cdk/aws-servicediscovery/-/aws-servicediscovery-1.17.1.tgz",
      "integrity": "sha512-L+lnwshAsFX1bREmssWkmqiY4zQdVOkzAmh4hLC94eazPNq1BQOl0bDAcdf4/ABpFfzrEXhwufF+keU9hyWkpA==",
      "requires": {
        "@aws-cdk/aws-ec2": "1.17.1",
        "@aws-cdk/aws-elasticloadbalancingv2": "1.17.1",
        "@aws-cdk/aws-route53": "1.17.1",
        "@aws-cdk/core": "1.17.1"
      }
    },
    "@aws-cdk/aws-sns": {
      "version": "1.17.1",
      "resolved": "https://registry.npmjs.org/@aws-cdk/aws-sns/-/aws-sns-1.17.1.tgz",
      "integrity": "sha512-L+kznCKJ0uUDavjWGXFV2bQdka7Yc04GNchhePirxY7P4CQgtgb2Sle0blunon51GqAVb+pIVjZIFZFBrQ1QJQ==",
      "requires": {
        "@aws-cdk/aws-cloudwatch": "1.17.1",
        "@aws-cdk/aws-events": "1.17.1",
        "@aws-cdk/aws-iam": "1.17.1",
        "@aws-cdk/core": "1.17.1"
      }
    },
    "@aws-cdk/aws-sns-subscriptions": {
      "version": "1.17.1",
      "resolved": "https://registry.npmjs.org/@aws-cdk/aws-sns-subscriptions/-/aws-sns-subscriptions-1.17.1.tgz",
      "integrity": "sha512-qBbR9HVsDj9v/fz1PMpVzaHWrsFk+ikfjTJJHo5k3GV8RPU61ZN4qVy/Cm5yLRJ5gmy948e/QzexAhOGSZhc/Q==",
      "requires": {
        "@aws-cdk/aws-iam": "1.17.1",
        "@aws-cdk/aws-lambda": "1.17.1",
        "@aws-cdk/aws-sns": "1.17.1",
        "@aws-cdk/aws-sqs": "1.17.1",
        "@aws-cdk/core": "1.17.1"
      }
    },
    "@aws-cdk/aws-sqs": {
      "version": "1.17.1",
      "resolved": "https://registry.npmjs.org/@aws-cdk/aws-sqs/-/aws-sqs-1.17.1.tgz",
      "integrity": "sha512-mQ7ndsDQVV6ZrAN3CruqM+XYbH2WLY6kzRbL1esHt3ZwdvIlbG7uuEq26hrOVU9TX3+oYRyEht/BXPpgDuRpdg==",
      "requires": {
        "@aws-cdk/aws-cloudwatch": "1.17.1",
        "@aws-cdk/aws-iam": "1.17.1",
        "@aws-cdk/aws-kms": "1.17.1",
        "@aws-cdk/core": "1.17.1"
      }
    },
    "@aws-cdk/aws-ssm": {
      "version": "1.17.1",
      "resolved": "https://registry.npmjs.org/@aws-cdk/aws-ssm/-/aws-ssm-1.17.1.tgz",
      "integrity": "sha512-8OOn4NUK7pO9OOJvN4TumiPn3AH4o6n2/Lfo5olX9k9hGHKqGydmVcyvPNMsv94/Iz1mMGGgrIWcUfXe5tHNHA==",
      "requires": {
        "@aws-cdk/aws-iam": "1.17.1",
        "@aws-cdk/aws-kms": "1.17.1",
        "@aws-cdk/core": "1.17.1",
        "@aws-cdk/cx-api": "1.17.1"
      }
    },
    "@aws-cdk/aws-stepfunctions": {
      "version": "1.17.1",
      "resolved": "https://registry.npmjs.org/@aws-cdk/aws-stepfunctions/-/aws-stepfunctions-1.17.1.tgz",
      "integrity": "sha512-xJEd8c85UsI2MmjUMrkkiTnLyLAbUv8e7H4BL287TvSOcP9n4mHW0KTqy9doty6CrMhIWr1kQWCiItrjcqeufw==",
      "requires": {
        "@aws-cdk/aws-cloudwatch": "1.17.1",
        "@aws-cdk/aws-events": "1.17.1",
        "@aws-cdk/aws-iam": "1.17.1",
        "@aws-cdk/core": "1.17.1"
      }
    },
    "@aws-cdk/core": {
      "version": "1.17.1",
      "resolved": "https://registry.npmjs.org/@aws-cdk/core/-/core-1.17.1.tgz",
      "integrity": "sha512-MY9LvBeuoQ5bsapHxXkmTWefXxQMNbb2A3oSgYIRleA3VI5panBoccW8JQQdmG+r6kU9bMVLVvBDT9WKvEOSXQ==",
      "requires": {
        "@aws-cdk/cx-api": "1.17.1"
      }
    },
    "@aws-cdk/cx-api": {
      "version": "1.17.1",
      "resolved": "https://registry.npmjs.org/@aws-cdk/cx-api/-/cx-api-1.17.1.tgz",
      "integrity": "sha512-3aGO5AGgVs+bDMp8fCqT9D7YqklN8KzdG4KgrHDYzqlhRxLQ0+VpruyqcYNktM5WTyQWGlwYLU1PMnw89fSDYQ==",
      "requires": {
        "semver": "^6.3.0"
      },
      "dependencies": {
        "semver": {
          "version": "6.3.0",
          "bundled": true
        }
      }
    },
    "@aws-cdk/region-info": {
      "version": "1.17.1",
      "resolved": "https://registry.npmjs.org/@aws-cdk/region-info/-/region-info-1.17.1.tgz",
      "integrity": "sha512-7zhAfFbLlX8LRJtkpb9+3erMTKY7N8zICgcgsQF1RxJD09ZBy7+Ad7TXcUZGbCmqJgYQFCYFrlyI+6NfGGZraw=="
    },
    "@types/node": {
      "version": "10.17.5",
      "resolved": "https://registry.npmjs.org/@types/node/-/node-10.17.5.tgz",
      "integrity": "sha512-RElZIr/7JreF1eY6oD5RF3kpmdcreuQPjg5ri4oQ5g9sq7YWU8HkfB3eH8GwAwxf5OaCh0VPi7r4N/yoTGelrA==",
      "dev": true
    },
    "aws-sdk": {
      "version": "2.578.0",
      "resolved": "https://registry.npmjs.org/aws-sdk/-/aws-sdk-2.578.0.tgz",
      "integrity": "sha512-QOot7ha8J+w+AQf1UNzpGpbcZtCaK/mqjenG177ybm2nvm00a4PKa5dz/kF/bYi2qMx9yJmiQ17kn32Q5ar8Kg==",
      "requires": {
        "buffer": "^4.9.1",
        "events": "^1.1.1",
        "ieee754": "^1.1.13",
        "jmespath": "^0.15.0",
        "querystring": "^0.2.0",
        "sax": "^1.2.1",
        "url": "^0.10.3",
        "uuid": "^3.3.2",
        "xml2js": "^0.4.19"
      }
    },
    "base64-js": {
      "version": "1.3.1",
      "resolved": "https://registry.npmjs.org/base64-js/-/base64-js-1.3.1.tgz",
      "integrity": "sha512-mLQ4i2QO1ytvGWFWmcngKO//JXAQueZvwEKtjgQFM4jIK0kU+ytMfplL8j+n5mspOfjHwoAg+9yhb7BwAHm36g=="
    },
    "buffer": {
      "version": "4.9.2",
      "resolved": "https://registry.npmjs.org/buffer/-/buffer-4.9.2.tgz",
      "integrity": "sha512-xq+q3SRMOxGivLhBNaUdC64hDTQwejJ+H0T/NB1XMtTVEwNTrfFF3gAxiyW0Bu/xWEGhjVKgUcMhCrUy2+uCWg==",
      "requires": {
        "base64-js": "^1.0.2",
        "ieee754": "^1.1.4",
        "isarray": "^1.0.0"
      }
    },
    "define-properties": {
      "version": "1.1.3",
      "resolved": "https://registry.npmjs.org/define-properties/-/define-properties-1.1.3.tgz",
      "integrity": "sha512-3MqfYKj2lLzdMSf8ZIZE/V+Zuy+BgD6f164e8K2w7dgnpKArBDerGYpM46IYYcjnkdPNMjPk9A6VFB8+3SKlXQ==",
      "requires": {
        "object-keys": "^1.0.12"
      }
    },
    "es-abstract": {
      "version": "1.16.0",
      "resolved": "https://registry.npmjs.org/es-abstract/-/es-abstract-1.16.0.tgz",
      "integrity": "sha512-xdQnfykZ9JMEiasTAJZJdMWCQ1Vm00NBw79/AWi7ELfZuuPCSOMDZbT9mkOfSctVtfhb+sAAzrm+j//GjjLHLg==",
      "requires": {
        "es-to-primitive": "^1.2.0",
        "function-bind": "^1.1.1",
        "has": "^1.0.3",
        "has-symbols": "^1.0.0",
        "is-callable": "^1.1.4",
        "is-regex": "^1.0.4",
        "object-inspect": "^1.6.0",
        "object-keys": "^1.1.1",
        "string.prototype.trimleft": "^2.1.0",
        "string.prototype.trimright": "^2.1.0"
      }
    },
    "es-to-primitive": {
      "version": "1.2.1",
      "resolved": "https://registry.npmjs.org/es-to-primitive/-/es-to-primitive-1.2.1.tgz",
      "integrity": "sha512-QCOllgZJtaUo9miYBcLChTUaHNjJF3PYs1VidD7AwiEj1kYxKeQTctLAezAOH5ZKRH0g2IgPn6KwB4IT8iRpvA==",
      "requires": {
        "is-callable": "^1.1.4",
        "is-date-object": "^1.0.1",
        "is-symbol": "^1.0.2"
      }
    },
    "events": {
      "version": "1.1.1",
      "resolved": "https://registry.npmjs.org/events/-/events-1.1.1.tgz",
      "integrity": "sha1-nr23Y1rQmccNzEwqH1AEKI6L2SQ="
    },
    "function-bind": {
      "version": "1.1.1",
      "resolved": "https://registry.npmjs.org/function-bind/-/function-bind-1.1.1.tgz",
      "integrity": "sha512-yIovAzMX49sF8Yl58fSCWJ5svSLuaibPxXQJFLmBObTuCr0Mf1KiPopGM9NiFjiYBCbfaa2Fh6breQ6ANVTI0A=="
    },
    "has": {
      "version": "1.0.3",
      "resolved": "https://registry.npmjs.org/has/-/has-1.0.3.tgz",
      "integrity": "sha512-f2dvO0VU6Oej7RkWJGrehjbzMAjFp5/VKPp5tTpWIV4JHHZK1/BxbFRtf/siA2SWTe09caDmVtYYzWEIbBS4zw==",
      "requires": {
        "function-bind": "^1.1.1"
      }
    },
    "has-symbols": {
      "version": "1.0.1",
      "resolved": "https://registry.npmjs.org/has-symbols/-/has-symbols-1.0.1.tgz",
      "integrity": "sha512-PLcsoqu++dmEIZB+6totNFKq/7Do+Z0u4oT0zKOJNl3lYK6vGwwu2hjHs+68OEZbTjiUE9bgOABXbP/GvrS0Kg=="
    },
    "ieee754": {
      "version": "1.1.13",
      "resolved": "https://registry.npmjs.org/ieee754/-/ieee754-1.1.13.tgz",
      "integrity": "sha512-4vf7I2LYV/HaWerSo3XmlMkp5eZ83i+/CDluXi/IGTs/O1sejBNhTtnxzmRZfvOUqj7lZjqHkeTvpgSFDlWZTg=="
    },
    "is-callable": {
      "version": "1.1.4",
      "resolved": "https://registry.npmjs.org/is-callable/-/is-callable-1.1.4.tgz",
      "integrity": "sha512-r5p9sxJjYnArLjObpjA4xu5EKI3CuKHkJXMhT7kwbpUyIFD1n5PMAsoPvWnvtZiNz7LjkYDRZhd7FlI0eMijEA=="
    },
    "is-date-object": {
      "version": "1.0.1",
      "resolved": "https://registry.npmjs.org/is-date-object/-/is-date-object-1.0.1.tgz",
      "integrity": "sha1-mqIOtq7rv/d/vTPnTKAbM1gdOhY="
    },
    "is-regex": {
      "version": "1.0.4",
      "resolved": "https://registry.npmjs.org/is-regex/-/is-regex-1.0.4.tgz",
      "integrity": "sha1-VRdIm1RwkbCTDglWVM7SXul+lJE=",
      "requires": {
        "has": "^1.0.1"
      }
    },
    "is-symbol": {
      "version": "1.0.3",
      "resolved": "https://registry.npmjs.org/is-symbol/-/is-symbol-1.0.3.tgz",
      "integrity": "sha512-OwijhaRSgqvhm/0ZdAcXNZt9lYdKFpcRDT5ULUuYXPoT794UNOdU+gpT6Rzo7b4V2HUl/op6GqY894AZwv9faQ==",
      "requires": {
        "has-symbols": "^1.0.1"
      }
    },
    "isarray": {
      "version": "1.0.0",
      "resolved": "https://registry.npmjs.org/isarray/-/isarray-1.0.0.tgz",
      "integrity": "sha1-u5NdSFgsuhaMBoNJV6VKPgcSTxE="
    },
    "jmespath": {
      "version": "0.15.0",
      "resolved": "https://registry.npmjs.org/jmespath/-/jmespath-0.15.0.tgz",
      "integrity": "sha1-o/Iiqarp+Wb10nx5ZRDigJF2Qhc="
    },
    "object-inspect": {
      "version": "1.7.0",
      "resolved": "https://registry.npmjs.org/object-inspect/-/object-inspect-1.7.0.tgz",
      "integrity": "sha512-a7pEHdh1xKIAgTySUGgLMx/xwDZskN1Ud6egYYN3EdRW4ZMPNEDUTF+hwy2LUC+Bl+SyLXANnwz/jyh/qutKUw=="
    },
    "object-keys": {
      "version": "1.1.1",
      "resolved": "https://registry.npmjs.org/object-keys/-/object-keys-1.1.1.tgz",
      "integrity": "sha512-NuAESUOUMrlIXOfHKzD6bpPu3tYt3xvjNdRIQ+FeT0lNb4K8WR70CaDxhuNguS2XG+GjkyMwOzsN5ZktImfhLA=="
    },
    "object.getownpropertydescriptors": {
      "version": "2.0.3",
      "resolved": "https://registry.npmjs.org/object.getownpropertydescriptors/-/object.getownpropertydescriptors-2.0.3.tgz",
      "integrity": "sha1-h1jIRvW0B62rDyNuCYbxSwUcqhY=",
      "requires": {
        "define-properties": "^1.1.2",
        "es-abstract": "^1.5.1"
      }
    },
    "punycode": {
      "version": "1.3.2",
      "resolved": "https://registry.npmjs.org/punycode/-/punycode-1.3.2.tgz",
      "integrity": "sha1-llOgNvt8HuQjQvIyXM7v6jkmxI0="
    },
    "querystring": {
      "version": "0.2.0",
      "resolved": "https://registry.npmjs.org/querystring/-/querystring-0.2.0.tgz",
      "integrity": "sha1-sgmEkgO7Jd+CDadW50cAWHhSFiA="
    },
    "sax": {
      "version": "1.2.4",
      "resolved": "https://registry.npmjs.org/sax/-/sax-1.2.4.tgz",
      "integrity": "sha512-NqVDv9TpANUjFm0N8uM5GxL36UgKi9/atZw+x7YFnQ8ckwFGKrl4xX4yWtrey3UJm5nP1kUbnYgLopqWNSRhWw=="
    },
    "string.prototype.trimleft": {
      "version": "2.1.0",
      "resolved": "https://registry.npmjs.org/string.prototype.trimleft/-/string.prototype.trimleft-2.1.0.tgz",
      "integrity": "sha512-FJ6b7EgdKxxbDxc79cOlok6Afd++TTs5szo+zJTUyow3ycrRfJVE2pq3vcN53XexvKZu/DJMDfeI/qMiZTrjTw==",
      "requires": {
        "define-properties": "^1.1.3",
        "function-bind": "^1.1.1"
      }
    },
    "string.prototype.trimright": {
      "version": "2.1.0",
      "resolved": "https://registry.npmjs.org/string.prototype.trimright/-/string.prototype.trimright-2.1.0.tgz",
      "integrity": "sha512-fXZTSV55dNBwv16uw+hh5jkghxSnc5oHq+5K/gXgizHwAvMetdAJlHqqoFC1FSDVPYWLkAKl2cxpUT41sV7nSg==",
      "requires": {
        "define-properties": "^1.1.3",
        "function-bind": "^1.1.1"
      }
    },
    "typescript": {
      "version": "3.7.2",
      "resolved": "https://registry.npmjs.org/typescript/-/typescript-3.7.2.tgz",
      "integrity": "sha512-ml7V7JfiN2Xwvcer+XAf2csGO1bPBdRbFCkYBczNZggrBZ9c7G3riSUeJmqEU5uOtXNPMhE3n+R4FA/3YOAWOQ==",
      "dev": true
    },
    "url": {
      "version": "0.10.3",
      "resolved": "https://registry.npmjs.org/url/-/url-0.10.3.tgz",
      "integrity": "sha1-Ah5NnHcF8hu/N9A861h2dAJ3TGQ=",
      "requires": {
        "punycode": "1.3.2",
        "querystring": "0.2.0"
      }
    },
    "util.promisify": {
      "version": "1.0.0",
      "resolved": "https://registry.npmjs.org/util.promisify/-/util.promisify-1.0.0.tgz",
      "integrity": "sha512-i+6qA2MPhvoKLuxnJNpXAGhg7HphQOSUq2LKMZD0m15EiskXUkMvKdF4Uui0WYeCUGea+o2cw/ZuwehtfsrNkA==",
      "requires": {
        "define-properties": "^1.1.2",
        "object.getownpropertydescriptors": "^2.0.3"
      }
    },
    "uuid": {
      "version": "3.3.3",
      "resolved": "https://registry.npmjs.org/uuid/-/uuid-3.3.3.tgz",
      "integrity": "sha512-pW0No1RGHgzlpHJO1nsVrHKpOEIxkGg1xB+v0ZmdNH5OAeAwzAVrCnI2/6Mtx+Uys6iaylxa+D3g4j63IKKjSQ=="
    },
    "xml2js": {
      "version": "0.4.22",
      "resolved": "https://registry.npmjs.org/xml2js/-/xml2js-0.4.22.tgz",
      "integrity": "sha512-MWTbxAQqclRSTnehWWe5nMKzI3VmJ8ltiJEco8akcC6j3miOhjjfzKum5sId+CWhfxdOs/1xauYr8/ZDBtQiRw==",
      "requires": {
        "sax": ">=0.6.0",
        "util.promisify": "~1.0.0",
        "xmlbuilder": "~11.0.0"
      }
    },
    "xmlbuilder": {
      "version": "11.0.1",
      "resolved": "https://registry.npmjs.org/xmlbuilder/-/xmlbuilder-11.0.1.tgz",
      "integrity": "sha512-fDlsI/kFEx7gLvbecc0/ohLG50fugQp8ryHzMTuW9vSa1GJ0XYWKnhsUx7oie3G98+r56aTQIUB4kht42R3JvA=="
    }
  }
}
